
Microsoft Visual Studio Solution File, Format Version 12.00
# Visual Studio Version 17
VisualStudioVersion = 17.7.34221.43
MinimumVisualStudioVersion = 10.0.40219.1
Project("{FAE04EC0-301F-11D3-BF4B-00C04F79EFBC}") = "EksamensProjekt2023", "EksamensProjekt2023\EksamensProjekt2023.csproj", "{227A07A1-A0A3-48DF-8D4B-F15613D79765}"
EndProject
Global
	GlobalSection(SolutionConfigurationPlatforms) = preSolution
		Debug|Any CPU = Debug|Any CPU
		Release|Any CPU = Release|Any CPU
	EndGlobalSection
	GlobalSection(ProjectConfigurationPlatforms) = postSolution
		{227A07A1-A0A3-48DF-8D4B-F15613D79765}.Debug|Any CPU.ActiveCfg = Debug|Any CPU
		{227A07A1-A0A3-48DF-8D4B-F15613D79765}.Debug|Any CPU.Build.0 = Debug|Any CPU
		{227A07A1-A0A3-48DF-8D4B-F15613D79765}.Release|Any CPU.ActiveCfg = Release|Any CPU
		{227A07A1-A0A3-48DF-8D4B-F15613D79765}.Release|Any CPU.Build.0 = Release|Any CPU
	EndGlobalSection
	GlobalSection(SolutionProperties) = preSolution
		HideSolutionNode = FALSE
	EndGlobalSection
	GlobalSection(ExtensibilityGlobals) = postSolution
		SolutionGuid = {D6E522C2-57E1-4942-8047-BA2E41E5B3FC}
	EndGlobalSection
EndGlobal
